
Microsoft Visual Studio Solution File, Format Version 12.00
# Visual Studio 15
VisualStudioVersion = 15.0.28307.489
MinimumVisualStudioVersion = 10.0.40219.1
Project("{9A19103F-16F7-4668-BE54-9A1E7A4F7556}") = "NatsnudaLibrary", "src\NatsnudaLibrary\NatsnudaLibrary.csproj", "{83F03E55-218E-43DD-B329-0F992844E323}"
EndProject
Project("{9A19103F-16F7-4668-BE54-9A1E7A4F7556}") = "TestExtensions", "src\TestExtensions\TestExtensions.csproj", "{7ABDA931-C300-4164-9F0A-5E00F1945E7C}"
EndProject
Project("{2150E333-8FDC-42A3-9474-1A3956D46DE8}") = "Code Analysis", "Code Analysis", "{AD33630F-D030-45A2-9EAC-6DF7EAE10074}"
	ProjectSection(SolutionItems) = preProject
		_CodeAnalysis.docx = _CodeAnalysis.docx
		Menees.Analyzers.Settings.xml = Menees.Analyzers.Settings.xml
		src\NatsnudaLibrary\NatsnudaLibrary.ruleset = src\NatsnudaLibrary\NatsnudaLibrary.ruleset
		test\unit\NatsnudasoftTests\NatsnudasoftTests.ruleset = test\unit\NatsnudasoftTests\NatsnudasoftTests.ruleset
		stylecop.json = stylecop.json
		src\TestExtensions\TestExtensions.ruleset = src\TestExtensions\TestExtensions.ruleset
	EndProjectSection
EndProject
Project("{2150E333-8FDC-42A3-9474-1A3956D46DE8}") = "Licensing", "Licensing", "{013C444D-69BC-4787-866E-D6F0A517BF3F}"
	ProjectSection(SolutionItems) = preProject
		LICENSE = LICENSE
	EndProjectSection
EndProject
Project("{2150E333-8FDC-42A3-9474-1A3956D46DE8}") = "Unit Tests", "Unit Tests", "{4208DA10-BEA1-4B08-A573-99AC2F8C29AC}"
EndProject
Project("{2150E333-8FDC-42A3-9474-1A3956D46DE8}") = "Versioning", "Versioning", "{B505975C-8CB3-4C3F-9EE6-46B612ECD767}"
	ProjectSection(SolutionItems) = preProject
		CommonSuppressions.cs = CommonSuppressions.cs
	EndProjectSection
EndProject
Project("{2150E333-8FDC-42A3-9474-1A3956D46DE8}") = "Documentation", "Documentation", "{AB7F6299-1645-4FE4-9AB4-6DA3101451CE}"
	ProjectSection(SolutionItems) = preProject
		README.md = README.md
	EndProjectSection
EndProject
Project("{9A19103F-16F7-4668-BE54-9A1E7A4F7556}") = "NatsnudasoftTests", "test\unit\NatsnudasoftTests\NatsnudasoftTests.csproj", "{7BD69B3D-EE2A-4B00-BAC5-B15FEDE3A218}"
EndProject
Global
	GlobalSection(SolutionConfigurationPlatforms) = preSolution
		Debug|Any CPU = Debug|Any CPU
		Release|Any CPU = Release|Any CPU
	EndGlobalSection
	GlobalSection(ProjectConfigurationPlatforms) = postSolution
		{83F03E55-218E-43DD-B329-0F992844E323}.Debug|Any CPU.ActiveCfg = Debug|Any CPU
		{83F03E55-218E-43DD-B329-0F992844E323}.Debug|Any CPU.Build.0 = Debug|Any CPU
		{83F03E55-218E-43DD-B329-0F992844E323}.Release|Any CPU.ActiveCfg = Release|Any CPU
		{83F03E55-218E-43DD-B329-0F992844E323}.Release|Any CPU.Build.0 = Release|Any CPU
		{7ABDA931-C300-4164-9F0A-5E00F1945E7C}.Debug|Any CPU.ActiveCfg = Debug|Any CPU
		{7ABDA931-C300-4164-9F0A-5E00F1945E7C}.Debug|Any CPU.Build.0 = Debug|Any CPU
		{7ABDA931-C300-4164-9F0A-5E00F1945E7C}.Release|Any CPU.ActiveCfg = Release|Any CPU
		{7ABDA931-C300-4164-9F0A-5E00F1945E7C}.Release|Any CPU.Build.0 = Release|Any CPU
		{7BD69B3D-EE2A-4B00-BAC5-B15FEDE3A218}.Debug|Any CPU.ActiveCfg = Debug|Any CPU
		{7BD69B3D-EE2A-4B00-BAC5-B15FEDE3A218}.Debug|Any CPU.Build.0 = Debug|Any CPU
		{7BD69B3D-EE2A-4B00-BAC5-B15FEDE3A218}.Release|Any CPU.ActiveCfg = Release|Any CPU
		{7BD69B3D-EE2A-4B00-BAC5-B15FEDE3A218}.Release|Any CPU.Build.0 = Release|Any CPU
	EndGlobalSection
	GlobalSection(SolutionProperties) = preSolution
		HideSolutionNode = FALSE
	EndGlobalSection
	GlobalSection(NestedProjects) = preSolution
		{7BD69B3D-EE2A-4B00-BAC5-B15FEDE3A218} = {4208DA10-BEA1-4B08-A573-99AC2F8C29AC}
	EndGlobalSection
	GlobalSection(ExtensibilityGlobals) = postSolution
		SolutionGuid = {45706E98-16BE-4C4B-A709-0130B6E99FEE}
	EndGlobalSection
EndGlobal
